// !$*UTF8*$!
{
	archiveVersion = 1;
	classes = {
	};
	objectVersion = 55;
	objects = {

/* Begin PBXBuildFile section */
		D24C6B4F545A4A956E4816CC /* Pods_AI_Carrefour.framework in Frameworks */ = {isa = PBXBuildFile; fileRef = C886BC42E772FD8FD14FE083 /* Pods_AI_Carrefour.framework */; };
		FF770CAD27D6EA7D0083B809 /* ChatViewController.swift in Sources */ = {isa = PBXBuildFile; fileRef = FF770CAC27D6EA7D0083B809 /* ChatViewController.swift */; };
		FF77A39F27D07F90004FB0DA /* AppDelegate.swift in Sources */ = {isa = PBXBuildFile; fileRef = FF77A39E27D07F90004FB0DA /* AppDelegate.swift */; };
		FF77A3A127D07F90004FB0DA /* SceneDelegate.swift in Sources */ = {isa = PBXBuildFile; fileRef = FF77A3A027D07F90004FB0DA /* SceneDelegate.swift */; };
		FF77A3A327D07F90004FB0DA /* ViewController.swift in Sources */ = {isa = PBXBuildFile; fileRef = FF77A3A227D07F90004FB0DA /* ViewController.swift */; };
		FF77A3A627D07F90004FB0DA /* Main.storyboard in Resources */ = {isa = PBXBuildFile; fileRef = FF77A3A427D07F90004FB0DA /* Main.storyboard */; };
		FF77A3AB27D07F93004FB0DA /* LaunchScreen.storyboard in Resources */ = {isa = PBXBuildFile; fileRef = FF77A3A927D07F93004FB0DA /* LaunchScreen.storyboard */; };
		FF77A3B327D08FC3004FB0DA /* poprecording.swift in Sources */ = {isa = PBXBuildFile; fileRef = FF77A3B227D08FC3004FB0DA /* poprecording.swift */; };
		FF79352227D12AF90010FE13 /* GIFsupport.swift in Sources */ = {isa = PBXBuildFile; fileRef = FF79352127D12AF90010FE13 /* GIFsupport.swift */; };
		FF79352427D12B990010FE13 /* Assets.xcassets in Resources */ = {isa = PBXBuildFile; fileRef = FF79352327D12B990010FE13 /* Assets.xcassets */; };
		FF79352827D133C50010FE13 /* wave.gif in Resources */ = {isa = PBXBuildFile; fileRef = FF79352727D133C50010FE13 /* wave.gif */; };
		FF79352A27D137880010FE13 /* wave2.gif in Resources */ = {isa = PBXBuildFile; fileRef = FF79352927D137880010FE13 /* wave2.gif */; };
		FF79352C27D139200010FE13 /* wave3.gif in Resources */ = {isa = PBXBuildFile; fileRef = FF79352B27D139200010FE13 /* wave3.gif */; };
		FF79352E27D139970010FE13 /* wave4.gif in Resources */ = {isa = PBXBuildFile; fileRef = FF79352D27D139970010FE13 /* wave4.gif */; };
		FFC07E4927D465A3002C90AA /* ScanViewController.swift in Sources */ = {isa = PBXBuildFile; fileRef = FFC07E4827D465A3002C90AA /* ScanViewController.swift */; };
		FFF6026127D5EFFD0076AB8E /* AudioController.swift in Sources */ = {isa = PBXBuildFile; fileRef = FFF6025F27D5EFFD0076AB8E /* AudioController.swift */; };
		FFF6026227D5EFFD0076AB8E /* SpeechRecognitionService.swift in Sources */ = {isa = PBXBuildFile; fileRef = FFF6026027D5EFFD0076AB8E /* SpeechRecognitionService.swift */; };
/* End PBXBuildFile section */

/* Begin PBXFileReference section */
		3ACA73352B1DC870BA73268C /* Pods-AI_Carrefour.release.xcconfig */ = {isa = PBXFileReference; includeInIndex = 1; lastKnownFileType = text.xcconfig; name = "Pods-AI_Carrefour.release.xcconfig"; path = "Target Support Files/Pods-AI_Carrefour/Pods-AI_Carrefour.release.xcconfig"; sourceTree = "<group>"; };
		906DCB29A7BEE944CACAA5B7 /* Pods-AI_Carrefour.debug.xcconfig */ = {isa = PBXFileReference; includeInIndex = 1; lastKnownFileType = text.xcconfig; name = "Pods-AI_Carrefour.debug.xcconfig"; path = "Target Support Files/Pods-AI_Carrefour/Pods-AI_Carrefour.debug.xcconfig"; sourceTree = "<group>"; };
		C886BC42E772FD8FD14FE083 /* Pods_AI_Carrefour.framework */ = {isa = PBXFileReference; explicitFileType = wrapper.framework; includeInIndex = 0; path = Pods_AI_Carrefour.framework; sourceTree = BUILT_PRODUCTS_DIR; };
		FF770CAC27D6EA7D0083B809 /* ChatViewController.swift */ = {isa = PBXFileReference; lastKnownFileType = sourcecode.swift; path = ChatViewController.swift; sourceTree = "<group>"; };
		FF77A39B27D07F90004FB0DA /* AI_Carrefour.app */ = {isa = PBXFileReference; explicitFileType = wrapper.application; includeInIndex = 0; path = AI_Carrefour.app; sourceTree = BUILT_PRODUCTS_DIR; };
		FF77A39E27D07F90004FB0DA /* AppDelegate.swift */ = {isa = PBXFileReference; lastKnownFileType = sourcecode.swift; path = AppDelegate.swift; sourceTree = "<group>"; };
		FF77A3A027D07F90004FB0DA /* SceneDelegate.swift */ = {isa = PBXFileReference; lastKnownFileType = sourcecode.swift; path = SceneDelegate.swift; sourceTree = "<group>"; };
		FF77A3A227D07F90004FB0DA /* ViewController.swift */ = {isa = PBXFileReference; lastKnownFileType = sourcecode.swift; path = ViewController.swift; sourceTree = "<group>"; };
		FF77A3A527D07F90004FB0DA /* Base */ = {isa = PBXFileReference; lastKnownFileType = file.storyboard; name = Base; path = Base.lproj/Main.storyboard; sourceTree = "<group>"; };
		FF77A3AA27D07F93004FB0DA /* Base */ = {isa = PBXFileReference; lastKnownFileType = file.storyboard; name = Base; path = Base.lproj/LaunchScreen.storyboard; sourceTree = "<group>"; };
		FF77A3AC27D07F93004FB0DA /* Info.plist */ = {isa = PBXFileReference; lastKnownFileType = text.plist.xml; path = Info.plist; sourceTree = "<group>"; };
		FF77A3B227D08FC3004FB0DA /* poprecording.swift */ = {isa = PBXFileReference; lastKnownFileType = sourcecode.swift; path = poprecording.swift; sourceTree = "<group>"; };
		FF79352127D12AF90010FE13 /* GIFsupport.swift */ = {isa = PBXFileReference; lastKnownFileType = sourcecode.swift; path = GIFsupport.swift; sourceTree = "<group>"; };
		FF79352327D12B990010FE13 /* Assets.xcassets */ = {isa = PBXFileReference; lastKnownFileType = folder.assetcatalog; path = Assets.xcassets; sourceTree = "<group>"; };
		FF79352727D133C50010FE13 /* wave.gif */ = {isa = PBXFileReference; lastKnownFileType = image.gif; path = wave.gif; sourceTree = "<group>"; };
		FF79352927D137880010FE13 /* wave2.gif */ = {isa = PBXFileReference; lastKnownFileType = image.gif; path = wave2.gif; sourceTree = "<group>"; };
		FF79352B27D139200010FE13 /* wave3.gif */ = {isa = PBXFileReference; lastKnownFileType = image.gif; path = wave3.gif; sourceTree = "<group>"; };
		FF79352D27D139970010FE13 /* wave4.gif */ = {isa = PBXFileReference; lastKnownFileType = image.gif; path = wave4.gif; sourceTree = "<group>"; };
		FFC07E4827D465A3002C90AA /* ScanViewController.swift */ = {isa = PBXFileReference; lastKnownFileType = sourcecode.swift; path = ScanViewController.swift; sourceTree = "<group>"; };
		FFF6025F27D5EFFD0076AB8E /* AudioController.swift */ = {isa = PBXFileReference; fileEncoding = 4; lastKnownFileType = sourcecode.swift; path = AudioController.swift; sourceTree = "<group>"; };
		FFF6026027D5EFFD0076AB8E /* SpeechRecognitionService.swift */ = {isa = PBXFileReference; fileEncoding = 4; lastKnownFileType = sourcecode.swift; path = SpeechRecognitionService.swift; sourceTree = "<group>"; };
		FFF6026327D5F2480076AB8E /* Speech-Bridging-Header.h */ = {isa = PBXFileReference; fileEncoding = 4; lastKnownFileType = sourcecode.c.h; path = "Speech-Bridging-Header.h"; sourceTree = "<group>"; };
/* End PBXFileReference section */

/* Begin PBXFrameworksBuildPhase section */
		FF77A39827D07F90004FB0DA /* Frameworks */ = {
			isa = PBXFrameworksBuildPhase;
			buildActionMask = 2147483647;
			files = (
				D24C6B4F545A4A956E4816CC /* Pods_AI_Carrefour.framework in Frameworks */,
			);
			runOnlyForDeploymentPostprocessing = 0;
		};
/* End PBXFrameworksBuildPhase section */

/* Begin PBXGroup section */
		235659CF4EBDB5719A6AE232 /* Pods */ = {
			isa = PBXGroup;
			children = (
				906DCB29A7BEE944CACAA5B7 /* Pods-AI_Carrefour.debug.xcconfig */,
				3ACA73352B1DC870BA73268C /* Pods-AI_Carrefour.release.xcconfig */,
			);
			path = Pods;
			sourceTree = "<group>";
		};
		A19FAA06D1EE2F74BE9EA700 /* Frameworks */ = {
			isa = PBXGroup;
			children = (
				C886BC42E772FD8FD14FE083 /* Pods_AI_Carrefour.framework */,
			);
			name = Frameworks;
			sourceTree = "<group>";
		};
		FF77A39227D07F90004FB0DA = {
			isa = PBXGroup;
			children = (
				FF77A39D27D07F90004FB0DA /* AI_Carrefour */,
				FF77A39C27D07F90004FB0DA /* Products */,
				235659CF4EBDB5719A6AE232 /* Pods */,
				A19FAA06D1EE2F74BE9EA700 /* Frameworks */,
			);
			sourceTree = "<group>";
		};
		FF77A39C27D07F90004FB0DA /* Products */ = {
			isa = PBXGroup;
			children = (
				FF77A39B27D07F90004FB0DA /* AI_Carrefour.app */,
			);
			name = Products;
			sourceTree = "<group>";
		};
		FF77A39D27D07F90004FB0DA /* AI_Carrefour */ = {
			isa = PBXGroup;
			children = (
				FF77A39E27D07F90004FB0DA /* AppDelegate.swift */,
				FF77A3A027D07F90004FB0DA /* SceneDelegate.swift */,
				FF77A3A227D07F90004FB0DA /* ViewController.swift */,
				FF77A3A427D07F90004FB0DA /* Main.storyboard */,
				FF79352127D12AF90010FE13 /* GIFsupport.swift */,
				FF77A3B227D08FC3004FB0DA /* poprecording.swift */,
				FF770CAC27D6EA7D0083B809 /* ChatViewController.swift */,
				FF77A3A927D07F93004FB0DA /* LaunchScreen.storyboard */,
				FFC07E4827D465A3002C90AA /* ScanViewController.swift */,
				FF77A3AC27D07F93004FB0DA /* Info.plist */,
				FF79352327D12B990010FE13 /* Assets.xcassets */,
				FF79352727D133C50010FE13 /* wave.gif */,
				FF79352927D137880010FE13 /* wave2.gif */,
				FF79352B27D139200010FE13 /* wave3.gif */,
				FF79352D27D139970010FE13 /* wave4.gif */,
				FFF6025F27D5EFFD0076AB8E /* AudioController.swift */,
				FFF6026027D5EFFD0076AB8E /* SpeechRecognitionService.swift */,
				FFF6026327D5F2480076AB8E /* Speech-Bridging-Header.h */,
			);
			path = AI_Carrefour;
			sourceTree = "<group>";
		};
/* End PBXGroup section */

/* Begin PBXNativeTarget section */
		FF77A39A27D07F90004FB0DA /* AI_Carrefour */ = {
			isa = PBXNativeTarget;
			buildConfigurationList = FF77A3AF27D07F93004FB0DA /* Build configuration list for PBXNativeTarget "AI_Carrefour" */;
			buildPhases = (
				14F013FC4DE31E93DD274DB9 /* [CP] Check Pods Manifest.lock */,
				FF77A39727D07F90004FB0DA /* Sources */,
				FF77A39827D07F90004FB0DA /* Frameworks */,
				FF77A39927D07F90004FB0DA /* Resources */,
				B71E074A6DB989E82B4F8CBE /* [CP] Embed Pods Frameworks */,
			);
			buildRules = (
			);
			dependencies = (
			);
			name = AI_Carrefour;
			productName = AI_Carrefour;
			productReference = FF77A39B27D07F90004FB0DA /* AI_Carrefour.app */;
			productType = "com.apple.product-type.application";
		};
/* End PBXNativeTarget section */

/* Begin PBXProject section */
		FF77A39327D07F90004FB0DA /* Project object */ = {
			isa = PBXProject;
			attributes = {
				BuildIndependentTargetsInParallel = 1;
				LastSwiftUpdateCheck = 1320;
				LastUpgradeCheck = 1320;
				TargetAttributes = {
					FF77A39A27D07F90004FB0DA = {
						CreatedOnToolsVersion = 13.2;
					};
				};
			};
			buildConfigurationList = FF77A39627D07F90004FB0DA /* Build configuration list for PBXProject "AI_Carrefour" */;
			compatibilityVersion = "Xcode 13.0";
			developmentRegion = en;
			hasScannedForEncodings = 0;
			knownRegions = (
				en,
				Base,
			);
			mainGroup = FF77A39227D07F90004FB0DA;
			productRefGroup = FF77A39C27D07F90004FB0DA /* Products */;
			projectDirPath = "";
			projectRoot = "";
			targets = (
				FF77A39A27D07F90004FB0DA /* AI_Carrefour */,
			);
		};
/* End PBXProject section */

/* Begin PBXResourcesBuildPhase section */
		FF77A39927D07F90004FB0DA /* Resources */ = {
			isa = PBXResourcesBuildPhase;
			buildActionMask = 2147483647;
			files = (
				FF79352827D133C50010FE13 /* wave.gif in Resources */,
				FF77A3AB27D07F93004FB0DA /* LaunchScreen.storyboard in Resources */,
				FF79352E27D139970010FE13 /* wave4.gif in Resources */,
				FF79352C27D139200010FE13 /* wave3.gif in Resources */,
				FF79352427D12B990010FE13 /* Assets.xcassets in Resources */,
				FF79352A27D137880010FE13 /* wave2.gif in Resources */,
				FF77A3A627D07F90004FB0DA /* Main.storyboard in Resources */,
			);
			runOnlyForDeploymentPostprocessing = 0;
		};
/* End PBXResourcesBuildPhase section */

/* Begin PBXShellScriptBuildPhase section */
		14F013FC4DE31E93DD274DB9 /* [CP] Check Pods Manifest.lock */ = {
			isa = PBXShellScriptBuildPhase;
			buildActionMask = 2147483647;
			files = (
			);
			inputFileListPaths = (
			);
			inputPaths = (
				"${PODS_PODFILE_DIR_PATH}/Podfile.lock",
				"${PODS_ROOT}/Manifest.lock",
			);
			name = "[CP] Check Pods Manifest.lock";
			outputFileListPaths = (
			);
			outputPaths = (
				"$(DERIVED_FILE_DIR)/Pods-AI_Carrefour-checkManifestLockResult.txt",
			);
			runOnlyForDeploymentPostprocessing = 0;
			shellPath = /bin/sh;
			shellScript = "diff \"${PODS_PODFILE_DIR_PATH}/Podfile.lock\" \"${PODS_ROOT}/Manifest.lock\" > /dev/null\nif [ $? != 0 ] ; then\n    # print error to STDERR\n    echo \"error: The sandbox is not in sync with the Podfile.lock. Run 'pod install' or update your CocoaPods installation.\" >&2\n    exit 1\nfi\n# This output is used by Xcode 'outputs' to avoid re-running this script phase.\necho \"SUCCESS\" > \"${SCRIPT_OUTPUT_FILE_0}\"\n";
			showEnvVarsInLog = 0;
		};
		B71E074A6DB989E82B4F8CBE /* [CP] Embed Pods Frameworks */ = {
			isa = PBXShellScriptBuildPhase;
			buildActionMask = 2147483647;
			files = (
			);
			inputFileListPaths = (
				"${PODS_ROOT}/Target Support Files/Pods-AI_Carrefour/Pods-AI_Carrefour-frameworks-${CONFIGURATION}-input-files.xcfilelist",
			);
			name = "[CP] Embed Pods Frameworks";
			outputFileListPaths = (
				"${PODS_ROOT}/Target Support Files/Pods-AI_Carrefour/Pods-AI_Carrefour-frameworks-${CONFIGURATION}-output-files.xcfilelist",
			);
			runOnlyForDeploymentPostprocessing = 0;
			shellPath = /bin/sh;
			shellScript = "\"${PODS_ROOT}/Target Support Files/Pods-AI_Carrefour/Pods-AI_Carrefour-frameworks.sh\"\n";
			showEnvVarsInLog = 0;
		};
/* End PBXShellScriptBuildPhase section */

/* Begin PBXSourcesBuildPhase section */
		FF77A39727D07F90004FB0DA /* Sources */ = {
			isa = PBXSourcesBuildPhase;
			buildActionMask = 2147483647;
			files = (
				FFF6026127D5EFFD0076AB8E /* AudioController.swift in Sources */,
				FF77A3A327D07F90004FB0DA /* ViewController.swift in Sources */,
				FF77A3B327D08FC3004FB0DA /* poprecording.swift in Sources */,
				FFF6026227D5EFFD0076AB8E /* SpeechRecognitionService.swift in Sources */,
				FF77A39F27D07F90004FB0DA /* AppDelegate.swift in Sources */,
				FF77A3A127D07F90004FB0DA /* SceneDelegate.swift in Sources */,
				FF79352227D12AF90010FE13 /* GIFsupport.swift in Sources */,
				FF770CAD27D6EA7D0083B809 /* ChatViewController.swift in Sources */,
				FFC07E4927D465A3002C90AA /* ScanViewController.swift in Sources */,
			);
			runOnlyForDeploymentPostprocessing = 0;
		};
/* End PBXSourcesBuildPhase section */

/* Begin PBXVariantGroup section */
		FF77A3A427D07F90004FB0DA /* Main.storyboard */ = {
			isa = PBXVariantGroup;
			children = (
				FF77A3A527D07F90004FB0DA /* Base */,
			);
			name = Main.storyboard;
			sourceTree = "<group>";
		};
		FF77A3A927D07F93004FB0DA /* LaunchScreen.storyboard */ = {
			isa = PBXVariantGroup;
			children = (
				FF77A3AA27D07F93004FB0DA /* Base */,
			);
			name = LaunchScreen.storyboard;
			sourceTree = "<group>";
		};
/* End PBXVariantGroup section */

/* Begin XCBuildConfiguration section */
		FF77A3AD27D07F93004FB0DA /* Debug */ = {
			isa = XCBuildConfiguration;
			buildSettings = {
				ALWAYS_SEARCH_USER_PATHS = NO;
				CLANG_ANALYZER_NONNULL = YES;
				CLANG_ANALYZER_NUMBER_OBJECT_CONVERSION = YES_AGGRESSIVE;
				CLANG_CXX_LANGUAGE_STANDARD = "gnu++17";
				CLANG_CXX_LIBRARY = "libc++";
				CLANG_ENABLE_MODULES = YES;
				CLANG_ENABLE_OBJC_ARC = YES;
				CLANG_ENABLE_OBJC_WEAK = YES;
				CLANG_WARN_BLOCK_CAPTURE_AUTORELEASING = YES;
				CLANG_WARN_BOOL_CONVERSION = YES;
				CLANG_WARN_COMMA = YES;
				CLANG_WARN_CONSTANT_CONVERSION = YES;
				CLANG_WARN_DEPRECATED_OBJC_IMPLEMENTATIONS = YES;
				CLANG_WARN_DIRECT_OBJC_ISA_USAGE = YES_ERROR;
				CLANG_WARN_DOCUMENTATION_COMMENTS = YES;
				CLANG_WARN_EMPTY_BODY = YES;
				CLANG_WARN_ENUM_CONVERSION = YES;
				CLANG_WARN_INFINITE_RECURSION = YES;
				CLANG_WARN_INT_CONVERSION = YES;
				CLANG_WARN_NON_LITERAL_NULL_CONVERSION = YES;
				CLANG_WARN_OBJC_IMPLICIT_RETAIN_SELF = YES;
				CLANG_WARN_OBJC_LITERAL_CONVERSION = YES;
				CLANG_WARN_OBJC_ROOT_CLASS = YES_ERROR;
				CLANG_WARN_QUOTED_INCLUDE_IN_FRAMEWORK_HEADER = YES;
				CLANG_WARN_RANGE_LOOP_ANALYSIS = YES;
				CLANG_WARN_STRICT_PROTOTYPES = YES;
				CLANG_WARN_SUSPICIOUS_MOVE = YES;
				CLANG_WARN_UNGUARDED_AVAILABILITY = YES_AGGRESSIVE;
				CLANG_WARN_UNREACHABLE_CODE = YES;
				CLANG_WARN__DUPLICATE_METHOD_MATCH = YES;
				COPY_PHASE_STRIP = NO;
				DEBUG_INFORMATION_FORMAT = dwarf;
				ENABLE_STRICT_OBJC_MSGSEND = YES;
				ENABLE_TESTABILITY = YES;
				GCC_C_LANGUAGE_STANDARD = gnu11;
				GCC_DYNAMIC_NO_PIC = NO;
				GCC_NO_COMMON_BLOCKS = YES;
				GCC_OPTIMIZATION_LEVEL = 0;
				GCC_PREPROCESSOR_DEFINITIONS = (
					"DEBUG=1",
					"$(inherited)",
				);
				GCC_WARN_64_TO_32_BIT_CONVERSION = YES;
				GCC_WARN_ABOUT_RETURN_TYPE = YES_ERROR;
				GCC_WARN_UNDECLARED_SELECTOR = YES;
				GCC_WARN_UNINITIALIZED_AUTOS = YES_AGGRESSIVE;
				GCC_WARN_UNUSED_FUNCTION = YES;
				GCC_WARN_UNUSED_VARIABLE = YES;
				IPHONEOS_DEPLOYMENT_TARGET = 13.0;
				MTL_ENABLE_DEBUG_INFO = INCLUDE_SOURCE;
				MTL_FAST_MATH = YES;
				ONLY_ACTIVE_ARCH = YES;
				SDKROOT = iphoneos;
				SWIFT_ACTIVE_COMPILATION_CONDITIONS = DEBUG;
				SWIFT_OPTIMIZATION_LEVEL = "-Onone";
			};
			name = Debug;
		};
		FF77A3AE27D07F93004FB0DA /* Release */ = {
			isa = XCBuildConfiguration;
			buildSettings = {
				ALWAYS_SEARCH_USER_PATHS = NO;
				CLANG_ANALYZER_NONNULL = YES;
				CLANG_ANALYZER_NUMBER_OBJECT_CONVERSION = YES_AGGRESSIVE;
				CLANG_CXX_LANGUAGE_STANDARD = "gnu++17";
				CLANG_CXX_LIBRARY = "libc++";
				CLANG_ENABLE_MODULES = YES;
				CLANG_ENABLE_OBJC_ARC = YES;
				CLANG_ENABLE_OBJC_WEAK = YES;
				CLANG_WARN_BLOCK_CAPTURE_AUTORELEASING = YES;
				CLANG_WARN_BOOL_CONVERSION = YES;
				CLANG_WARN_COMMA = YES;
				CLANG_WARN_CONSTANT_CONVERSION = YES;
				CLANG_WARN_DEPRECATED_OBJC_IMPLEMENTATIONS = YES;
				CLANG_WARN_DIRECT_OBJC_ISA_USAGE = YES_ERROR;
				CLANG_WARN_DOCUMENTATION_COMMENTS = YES;
				CLANG_WARN_EMPTY_BODY = YES;
				CLANG_WARN_ENUM_CONVERSION = YES;
				CLANG_WARN_INFINITE_RECURSION = YES;
				CLANG_WARN_INT_CONVERSION = YES;
				CLANG_WARN_NON_LITERAL_NULL_CONVERSION = YES;
				CLANG_WARN_OBJC_IMPLICIT_RETAIN_SELF = YES;
				CLANG_WARN_OBJC_LITERAL_CONVERSION = YES;
				CLANG_WARN_OBJC_ROOT_CLASS = YES_ERROR;
				CLANG_WARN_QUOTED_INCLUDE_IN_FRAMEWORK_HEADER = YES;
				CLANG_WARN_RANGE_LOOP_ANALYSIS = YES;
				CLANG_WARN_STRICT_PROTOTYPES = YES;
				CLANG_WARN_SUSPICIOUS_MOVE = YES;
				CLANG_WARN_UNGUARDED_AVAILABILITY = YES_AGGRESSIVE;
				CLANG_WARN_UNREACHABLE_CODE = YES;
				CLANG_WARN__DUPLICATE_METHOD_MATCH = YES;
				COPY_PHASE_STRIP = NO;
				DEBUG_INFORMATION_FORMAT = "dwarf-with-dsym";
				ENABLE_NS_ASSERTIONS = NO;
				ENABLE_STRICT_OBJC_MSGSEND = YES;
				GCC_C_LANGUAGE_STANDARD = gnu11;
				GCC_NO_COMMON_BLOCKS = YES;
				GCC_WARN_64_TO_32_BIT_CONVERSION = YES;
				GCC_WARN_ABOUT_RETURN_TYPE = YES_ERROR;
				GCC_WARN_UNDECLARED_SELECTOR = YES;
				GCC_WARN_UNINITIALIZED_AUTOS = YES_AGGRESSIVE;
				GCC_WARN_UNUSED_FUNCTION = YES;
				GCC_WARN_UNUSED_VARIABLE = YES;
				IPHONEOS_DEPLOYMENT_TARGET = 13.0;
				MTL_ENABLE_DEBUG_INFO = NO;
				MTL_FAST_MATH = YES;
				SDKROOT = iphoneos;
				SWIFT_COMPILATION_MODE = wholemodule;
				SWIFT_OPTIMIZATION_LEVEL = "-O";
				VALIDATE_PRODUCT = YES;
			};
			name = Release;
		};
		FF77A3B027D07F93004FB0DA /* Debug */ = {
			isa = XCBuildConfiguration;
			baseConfigurationReference = 906DCB29A7BEE944CACAA5B7 /* Pods-AI_Carrefour.debug.xcconfig */;
			buildSettings = {
				ASSETCATALOG_COMPILER_APPICON_NAME = AppIcon;
				ASSETCATALOG_COMPILER_GLOBAL_ACCENT_COLOR_NAME = AccentColor;
				CODE_SIGN_STYLE = Automatic;
				CURRENT_PROJECT_VERSION = 1;
				DEVELOPMENT_TEAM = ZK5C894KBC;
				GENERATE_INFOPLIST_FILE = YES;
				INFOPLIST_FILE = AI_Carrefour/Info.plist;
				INFOPLIST_KEY_CFBundleDisplayName = "AI-Carrefour";
				INFOPLIST_KEY_NSCameraUsageDescription = "";
				INFOPLIST_KEY_NSMicrophoneUsageDescription = "";
				INFOPLIST_KEY_NSPhotoLibraryUsageDescription = "";
				INFOPLIST_KEY_UIApplicationSupportsIndirectInputEvents = YES;
				INFOPLIST_KEY_UILaunchStoryboardName = LaunchScreen;
				INFOPLIST_KEY_UIMainStoryboardFile = Main;
				INFOPLIST_KEY_UIRequiredDeviceCapabilities = armv7;
				INFOPLIST_KEY_UIRequiresFullScreen = YES;
				INFOPLIST_KEY_UISupportedInterfaceOrientations = "UIInterfaceOrientationPortrait UIInterfaceOrientationLandscapeLeft UIInterfaceOrientationLandscapeRight";
				INFOPLIST_KEY_UISupportedInterfaceOrientations_iPad = "UIInterfaceOrientationPortrait UIInterfaceOrientationPortraitUpsideDown UIInterfaceOrientationLandscapeLeft UIInterfaceOrientationLandscapeRight";
				INFOPLIST_KEY_UISupportedInterfaceOrientations_iPhone = "UIInterfaceOrientationPortrait UIInterfaceOrientationLandscapeLeft UIInterfaceOrientationLandscapeRight";
				LD_RUNPATH_SEARCH_PATHS = (
					"$(inherited)",
					"@executable_path/Frameworks",
				);
				MARKETING_VERSION = 1.0;
				PRODUCT_BUNDLE_IDENTIFIER = "com.group5.AI-Carrefour";
				PRODUCT_NAME = "$(TARGET_NAME)";
				SWIFT_EMIT_LOC_STRINGS = YES;
				SWIFT_VERSION = 5.0;
				TARGETED_DEVICE_FAMILY = "1,2";
			};
			name = Debug;
		};
		FF77A3B127D07F93004FB0DA /* Release */ = {
			isa = XCBuildConfiguration;
			baseConfigurationReference = 3ACA73352B1DC870BA73268C /* Pods-AI_Carrefour.release.xcconfig */;
			buildSettings = {
				ASSETCATALOG_COMPILER_APPICON_NAME = AppIcon;
				ASSETCATALOG_COMPILER_GLOBAL_ACCENT_COLOR_NAME = AccentColor;
				CODE_SIGN_STYLE = Automatic;
				CURRENT_PROJECT_VERSION = 1;
				DEVELOPMENT_TEAM = ZK5C894KBC;
				GENERATE_INFOPLIST_FILE = YES;
				INFOPLIST_FILE = AI_Carrefour/Info.plist;
				INFOPLIST_KEY_CFBundleDisplayName = "AI-Carrefour";
				INFOPLIST_KEY_NSCameraUsageDescription = "";
				INFOPLIST_KEY_NSMicrophoneUsageDescription = "";
				INFOPLIST_KEY_NSPhotoLibraryUsageDescription = "";
				INFOPLIST_KEY_UIApplicationSupportsIndirectInputEvents = YES;
				INFOPLIST_KEY_UILaunchStoryboardName = LaunchScreen;
				INFOPLIST_KEY_UIMainStoryboardFile = Main;
				INFOPLIST_KEY_UIRequiredDeviceCapabilities = armv7;
				INFOPLIST_KEY_UIRequiresFullScreen = YES;
				INFOPLIST_KEY_UISupportedInterfaceOrientations = "UIInterfaceOrientationPortrait UIInterfaceOrientationLandscapeLeft UIInterfaceOrientationLandscapeRight";
				INFOPLIST_KEY_UISupportedInterfaceOrientations_iPad = "UIInterfaceOrientationPortrait UIInterfaceOrientationPortraitUpsideDown UIInterfaceOrientationLandscapeLeft UIInterfaceOrientationLandscapeRight";
				INFOPLIST_KEY_UISupportedInterfaceOrientations_iPhone = "UIInterfaceOrientationPortrait UIInterfaceOrientationLandscapeLeft UIInterfaceOrientationLandscapeRight";
				LD_RUNPATH_SEARCH_PATHS = (
					"$(inherited)",
					"@executable_path/Frameworks",
				);
				MARKETING_VERSION = 1.0;
				PRODUCT_BUNDLE_IDENTIFIER = "com.group5.AI-Carrefour";
				PRODUCT_NAME = "$(TARGET_NAME)";
				SWIFT_EMIT_LOC_STRINGS = YES;
				SWIFT_VERSION = 5.0;
				TARGETED_DEVICE_FAMILY = "1,2";
			};
			name = Release;
		};
/* End XCBuildConfiguration section */

/* Begin XCConfigurationList section */
		FF77A39627D07F90004FB0DA /* Build configuration list for PBXProject "AI_Carrefour" */ = {
			isa = XCConfigurationList;
			buildConfigurations = (
				FF77A3AD27D07F93004FB0DA /* Debug */,
				FF77A3AE27D07F93004FB0DA /* Release */,
			);
			defaultConfigurationIsVisible = 0;
			defaultConfigurationName = Release;
		};
		FF77A3AF27D07F93004FB0DA /* Build configuration list for PBXNativeTarget "AI_Carrefour" */ = {
			isa = XCConfigurationList;
			buildConfigurations = (
				FF77A3B027D07F93004FB0DA /* Debug */,
				FF77A3B127D07F93004FB0DA /* Release */,
			);
			defaultConfigurationIsVisible = 0;
			defaultConfigurationName = Release;
		};
/* End XCConfigurationList section */
	};
	rootObject = FF77A39327D07F90004FB0DA /* Project object */;
}
